
Microsoft Visual Studio Solution File, Format Version 12.00
# Visual Studio Version 17
VisualStudioVersion = 17.2.32616.157
MinimumVisualStudioVersion = 10.0.40219.1
Project("{FAE04EC0-301F-11D3-BF4B-00C04F79EFBC}") = "xbox", "xbox\xbox.csproj", "{E463AC8B-2D6E-45D7-B2AC-F0836D09F552}"
EndProject
Global
	GlobalSection(SolutionConfigurationPlatforms) = preSolution
		Debug|Any CPU = Debug|Any CPU
		Release|Any CPU = Release|Any CPU
	EndGlobalSection
	GlobalSection(ProjectConfigurationPlatforms) = postSolution
		{E463AC8B-2D6E-45D7-B2AC-F0836D09F552}.Debug|Any CPU.ActiveCfg = Debug|Any CPU
		{E463AC8B-2D6E-45D7-B2AC-F0836D09F552}.Debug|Any CPU.Build.0 = Debug|Any CPU
		{E463AC8B-2D6E-45D7-B2AC-F0836D09F552}.Release|Any CPU.ActiveCfg = Release|Any CPU
		{E463AC8B-2D6E-45D7-B2AC-F0836D09F552}.Release|Any CPU.Build.0 = Release|Any CPU
	EndGlobalSection
	GlobalSection(SolutionProperties) = preSolution
		HideSolutionNode = FALSE
	EndGlobalSection
	GlobalSection(ExtensibilityGlobals) = postSolution
		SolutionGuid = {378D865C-3228-4EF2-9FB5-7FF349564882}
	EndGlobalSection
EndGlobal
